
Microsoft Visual Studio Solution File, Format Version 12.00
# Visual Studio 14
VisualStudioVersion = 14.0.23107.0
MinimumVisualStudioVersion = 10.0.40219.1
Project("{FAE04EC0-301F-11D3-BF4B-00C04F79EFBC}") = "AutofacDemo", "AutofacDemo\AutofacDemo.csproj", "{ABFB664A-D279-4BDA-A884-739DEC1AC0B3}"
EndProject
Project("{FAE04EC0-301F-11D3-BF4B-00C04F79EFBC}") = "FakeAutofac", "FakeAutofac\FakeAutofac.csproj", "{2776F4FA-23F6-4770-B657-D0709CD8BE3B}"
EndProject
Project("{FAE04EC0-301F-11D3-BF4B-00C04F79EFBC}") = "NonIocDemo", "NonIocDemo\NonIocDemo.csproj", "{AA45D451-68C7-4BD2-A7B7-C1C5071BDE87}"
EndProject
Project("{FAE04EC0-301F-11D3-BF4B-00C04F79EFBC}") = "IocDemo", "IocDemo\IocDemo.csproj", "{D25B50C1-AE77-4CFF-BF7E-2D519F103055}"
EndProject
Global
	GlobalSection(SolutionConfigurationPlatforms) = preSolution
		Debug|Any CPU = Debug|Any CPU
		Release|Any CPU = Release|Any CPU
	EndGlobalSection
	GlobalSection(ProjectConfigurationPlatforms) = postSolution
		{ABFB664A-D279-4BDA-A884-739DEC1AC0B3}.Debug|Any CPU.ActiveCfg = Debug|Any CPU
		{ABFB664A-D279-4BDA-A884-739DEC1AC0B3}.Debug|Any CPU.Build.0 = Debug|Any CPU
		{ABFB664A-D279-4BDA-A884-739DEC1AC0B3}.Release|Any CPU.ActiveCfg = Release|Any CPU
		{ABFB664A-D279-4BDA-A884-739DEC1AC0B3}.Release|Any CPU.Build.0 = Release|Any CPU
		{2776F4FA-23F6-4770-B657-D0709CD8BE3B}.Debug|Any CPU.ActiveCfg = Debug|Any CPU
		{2776F4FA-23F6-4770-B657-D0709CD8BE3B}.Debug|Any CPU.Build.0 = Debug|Any CPU
		{2776F4FA-23F6-4770-B657-D0709CD8BE3B}.Release|Any CPU.ActiveCfg = Release|Any CPU
		{2776F4FA-23F6-4770-B657-D0709CD8BE3B}.Release|Any CPU.Build.0 = Release|Any CPU
		{AA45D451-68C7-4BD2-A7B7-C1C5071BDE87}.Debug|Any CPU.ActiveCfg = Debug|Any CPU
		{AA45D451-68C7-4BD2-A7B7-C1C5071BDE87}.Debug|Any CPU.Build.0 = Debug|Any CPU
		{AA45D451-68C7-4BD2-A7B7-C1C5071BDE87}.Release|Any CPU.ActiveCfg = Release|Any CPU
		{AA45D451-68C7-4BD2-A7B7-C1C5071BDE87}.Release|Any CPU.Build.0 = Release|Any CPU
		{D25B50C1-AE77-4CFF-BF7E-2D519F103055}.Debug|Any CPU.ActiveCfg = Debug|Any CPU
		{D25B50C1-AE77-4CFF-BF7E-2D519F103055}.Debug|Any CPU.Build.0 = Debug|Any CPU
		{D25B50C1-AE77-4CFF-BF7E-2D519F103055}.Release|Any CPU.ActiveCfg = Release|Any CPU
		{D25B50C1-AE77-4CFF-BF7E-2D519F103055}.Release|Any CPU.Build.0 = Release|Any CPU
	EndGlobalSection
	GlobalSection(SolutionProperties) = preSolution
		HideSolutionNode = FALSE
	EndGlobalSection
EndGlobal
